
Microsoft Visual Studio Solution File, Format Version 12.00
# Visual Studio Version 16
VisualStudioVersion = 16.0.31729.503
MinimumVisualStudioVersion = 10.0.40219.1
Project("{FAE04EC0-301F-11D3-BF4B-00C04F79EFBC}") = "PPOO0", "PPOO0\PPOO0.csproj", "{8595825C-173F-4361-BFAE-9880E2717980}"
EndProject
Global
	GlobalSection(SolutionConfigurationPlatforms) = preSolution
		Debug|Any CPU = Debug|Any CPU
		Release|Any CPU = Release|Any CPU
	EndGlobalSection
	GlobalSection(ProjectConfigurationPlatforms) = postSolution
		{8595825C-173F-4361-BFAE-9880E2717980}.Debug|Any CPU.ActiveCfg = Debug|Any CPU
		{8595825C-173F-4361-BFAE-9880E2717980}.Debug|Any CPU.Build.0 = Debug|Any CPU
		{8595825C-173F-4361-BFAE-9880E2717980}.Release|Any CPU.ActiveCfg = Release|Any CPU
		{8595825C-173F-4361-BFAE-9880E2717980}.Release|Any CPU.Build.0 = Release|Any CPU
	EndGlobalSection
	GlobalSection(SolutionProperties) = preSolution
		HideSolutionNode = FALSE
	EndGlobalSection
	GlobalSection(ExtensibilityGlobals) = postSolution
		SolutionGuid = {D3F78799-2AF8-49DC-9AF1-A6BE38BFCD31}
	EndGlobalSection
EndGlobal
